
Microsoft Visual Studio Solution File, Format Version 12.00
# Visual Studio 15
VisualStudioVersion = 15.0.28307.852
MinimumVisualStudioVersion = 10.0.40219.1
Project("{8BC9CEB8-8B4A-11D0-8D11-00A0C91BC942}") = "openmesh_1", "openmesh_1\openmesh_1.vcxproj", "{4A6A106C-7860-4923-A817-6896246211B8}"
EndProject
Project("{8BC9CEB8-8B4A-11D0-8D11-00A0C91BC942}") = "openmesh_2", "openmesh_2\openmesh_2.vcxproj", "{574CA582-9E78-4E9B-861A-75BB01BCC20E}"
EndProject
Global
	GlobalSection(SolutionConfigurationPlatforms) = preSolution
		Debug|x64 = Debug|x64
		Debug|x86 = Debug|x86
		Release|x64 = Release|x64
		Release|x86 = Release|x86
	EndGlobalSection
	GlobalSection(ProjectConfigurationPlatforms) = postSolution
		{4A6A106C-7860-4923-A817-6896246211B8}.Debug|x64.ActiveCfg = Debug|x64
		{4A6A106C-7860-4923-A817-6896246211B8}.Debug|x64.Build.0 = Debug|x64
		{4A6A106C-7860-4923-A817-6896246211B8}.Debug|x86.ActiveCfg = Debug|Win32
		{4A6A106C-7860-4923-A817-6896246211B8}.Debug|x86.Build.0 = Debug|Win32
		{4A6A106C-7860-4923-A817-6896246211B8}.Release|x64.ActiveCfg = Release|x64
		{4A6A106C-7860-4923-A817-6896246211B8}.Release|x64.Build.0 = Release|x64
		{4A6A106C-7860-4923-A817-6896246211B8}.Release|x86.ActiveCfg = Release|Win32
		{4A6A106C-7860-4923-A817-6896246211B8}.Release|x86.Build.0 = Release|Win32
		{574CA582-9E78-4E9B-861A-75BB01BCC20E}.Debug|x64.ActiveCfg = Debug|x64
		{574CA582-9E78-4E9B-861A-75BB01BCC20E}.Debug|x64.Build.0 = Debug|x64
		{574CA582-9E78-4E9B-861A-75BB01BCC20E}.Debug|x86.ActiveCfg = Debug|Win32
		{574CA582-9E78-4E9B-861A-75BB01BCC20E}.Debug|x86.Build.0 = Debug|Win32
		{574CA582-9E78-4E9B-861A-75BB01BCC20E}.Release|x64.ActiveCfg = Release|x64
		{574CA582-9E78-4E9B-861A-75BB01BCC20E}.Release|x64.Build.0 = Release|x64
		{574CA582-9E78-4E9B-861A-75BB01BCC20E}.Release|x86.ActiveCfg = Release|Win32
		{574CA582-9E78-4E9B-861A-75BB01BCC20E}.Release|x86.Build.0 = Release|Win32
	EndGlobalSection
	GlobalSection(SolutionProperties) = preSolution
		HideSolutionNode = FALSE
	EndGlobalSection
	GlobalSection(ExtensibilityGlobals) = postSolution
		SolutionGuid = {3FBFCF66-6037-4494-9762-EE45B23A3C94}
	EndGlobalSection
EndGlobal
